// !$*UTF8*$!
{
	archiveVersion = 1;
	classes = {
	};
	objectVersion = 77;
	objects = {

/* Begin PBXContainerItemProxy section */
		2D745F0C304EFDEB00379C42 /* PBXContainerItemProxy */ = {
			isa = PBXContainerItemProxy;
			containerPortal = 2D745EF4304EFDEA00379C42 /* Project object */;
			proxyType = 1;
			remoteGlobalIDString = 2D745EFB304EFDEA00379C42;
			remoteInfo = "voice-doodle";
		};
		2D745F16304EFDEB00379C42 /* PBXContainerItemProxy */ = {
			isa = PBXContainerItemProxy;
			containerPortal = 2D745EF4304EFDEA00379C42 /* Project object */;
			proxyType = 1;
			remoteGlobalIDString = 2D745EFB304EFDEA00379C42;
			remoteInfo = "voice-doodle";
		};
/* End PBXContainerItemProxy section */

/* Begin PBXFileReference section */
		2D745EFC304EFDEA00379C42 /* voice-doodle.app */ = {isa = PBXFileReference; explicitFileType = wrapper.application; includeInIndex = 0; path = "voice-doodle.app"; sourceTree = BUILT_PRODUCTS_DIR; };
		2D745F0B304EFDEB00379C42 /* voice-doodleTests.xctest */ = {isa = PBXFileReference; explicitFileType = wrapper.cfbundle; includeInIndex = 0; path = "voice-doodleTests.xctest"; sourceTree = BUILT_PRODUCTS_DIR; };
		2D745F15304EFDEB00379C42 /* voice-doodleUITests.xctest */ = {isa = PBXFileReference; explicitFileType = wrapper.cfbundle; includeInIndex = 0; path = "voice-doodleUITests.xctest"; sourceTree = BUILT_PRODUCTS_DIR; };
/* End PBXFileReference section */

/* Begin PBXFileSystemSynchronizedRootGroup section */
		2D745EFE304EFDEA00379C42 /* voice-doodle */ = {
			isa = PBXFileSystemSynchronizedRootGroup;
			path = "voice-doodle";
			sourceTree = "<group>";
		};
		2D745F0E304EFDEB00379C42 /* voice-doodleTests */ = {
			isa = PBXFileSystemSynchronizedRootGroup;
			path = "voice-doodleTests";
			sourceTree = "<group>";
		};
		2D745F18304EFDEB00379C42 /* voice-doodleUITests */ = {
			isa = PBXFileSystemSynchronizedRootGroup;
			path = "voice-doodleUITests";
			sourceTree = "<group>";
		};
/* End PBXFileSystemSynchronizedRootGroup section */

/* Begin PBXFrameworksBuildPhase section */
		2D745EF9304EFDEA00379C42 /* Frameworks */ = {
			isa = PBXFrameworksBuildPhase;
			buildActionMask = 2147483647;
			files = (
			);
			runOnlyForDeploymentPostprocessing = 0;
		};
		2D745F08304EFDEB00379C42 /* Frameworks */ = {
			isa = PBXFrameworksBuildPhase;
			buildActionMask = 2147483647;
			files = (
			);
			runOnlyForDeploymentPostprocessing = 0;
		};
		2D745F12304EFDEB00379C42 /* Frameworks */ = {
			isa = PBXFrameworksBuildPhase;
			buildActionMask = 2147483647;
			files = (
			);
			runOnlyForDeploymentPostprocessing = 0;
		};
/* End PBXFrameworksBuildPhase section */

/* Begin PBXGroup section */
		2D745EF3304EFDEA00379C42 = {
			isa = PBXGroup;
			children = (
				2D745EFE304EFDEA00379C42 /* voice-doodle */,
				2D745F0E304EFDEB00379C42 /* voice-doodleTests */,
				2D745F18304EFDEB00379C42 /* voice-doodleUITests */,
				2D745EFD304EFDEA00379C42 /* Products */,
			);
			sourceTree = "<group>";
		};
		2D745EFD304EFDEA00379C42 /* Products */ = {
			isa = PBXGroup;
			children = (
				2D745EFC304EFDEA00379C42 /* voice-doodle.app */,
				2D745F0B304EFDEB00379C42 /* voice-doodleTests.xctest */,
				2D745F15304EFDEB00379C42 /* voice-doodleUITests.xctest */,
			);
			name = Products;
			sourceTree = "<group>";
		};
/* End PBXGroup section */

/* Begin PBXNativeTarget section */
		2D745EFB304EFDEA00379C42 /* voice-doodle */ = {
			isa = PBXNativeTarget;
			buildConfigurationList = 2D745F1F304EFDEB00379C42 /* Build configuration list for PBXNativeTarget "voice-doodle" */;
			buildPhases = (
				2D745EF8304EFDEA00379C42 /* Sources */,
				2D745EF9304EFDEA00379C42 /* Frameworks */,
				2D745EFA304EFDEA00379C42 /* Resources */,
			);
			buildRules = (
			);
			dependencies = (
			);
			fileSystemSynchronizedGroups = (
				2D745EFE304EFDEA00379C42 /* voice-doodle */,
			);
			name = "voice-doodle";
			packageProductDependencies = (
			);
			productName = "voice-doodle";
			productReference = 2D745EFC304EFDEA00379C42 /* voice-doodle.app */;
			productType = "com.apple.product-type.application";
		};
		2D745F0A304EFDEB00379C42 /* voice-doodleTests */ = {
			isa = PBXNativeTarget;
			buildConfigurationList = 2D745F22304EFDEB00379C42 /* Build configuration list for PBXNativeTarget "voice-doodleTests" */;
			buildPhases = (
				2D745F07304EFDEB00379C42 /* Sources */,
				2D745F08304EFDEB00379C42 /* Frameworks */,
				2D745F09304EFDEB00379C42 /* Resources */,
			);
			buildRules = (
			);
			dependencies = (
				2D745F0D304EFDEB00379C42 /* PBXTargetDependency */,
			);
			fileSystemSynchronizedGroups = (
				2D745F0E304EFDEB00379C42 /* voice-doodleTests */,
			);
			name = "voice-doodleTests";
			packageProductDependencies = (
			);
			productName = "voice-doodleTests";
			productReference = 2D745F0B304EFDEB00379C42 /* voice-doodleTests.xctest */;
			productType = "com.apple.product-type.bundle.unit-test";
		};
		2D745F14304EFDEB00379C42 /* voice-doodleUITests */ = {
			isa = PBXNativeTarget;
			buildConfigurationList = 2D745F25304EFDEB00379C42 /* Build configuration list for PBXNativeTarget "voice-doodleUITests" */;
			buildPhases = (
				2D745F11304EFDEB00379C42 /* Sources */,
				2D745F12304EFDEB00379C42 /* Frameworks */,
				2D745F13304EFDEB00379C42 /* Resources */,
			);
			buildRules = (
			);
			dependencies = (
				2D745F17304EFDEB00379C42 /* PBXTargetDependency */,
			);
			fileSystemSynchronizedGroups = (
				2D745F18304EFDEB00379C42 /* voice-doodleUITests */,
			);
			name = "voice-doodleUITests";
			packageProductDependencies = (
			);
			productName = "voice-doodleUITests";
			productReference = 2D745F15304EFDEB00379C42 /* voice-doodleUITests.xctest */;
			productType = "com.apple.product-type.bundle.ui-testing";
		};
/* End PBXNativeTarget section */

/* Begin PBXProject section */
		2D745EF4304EFDEA00379C42 /* Project object */ = {
			isa = PBXProject;
			attributes = {
				BuildIndependentTargetsInParallel = 1;
				LastSwiftUpdateCheck = 2660;
				LastUpgradeCheck = 2660;
				TargetAttributes = {
					2D745EFB304EFDEA00379C42 = {
						CreatedOnToolsVersion = 26.6;
					};
					2D745F0A304EFDEB00379C42 = {
						CreatedOnToolsVersion = 26.6;
						TestTargetID = 2D745EFB304EFDEA00379C42;
					};
					2D745F14304EFDEB00379C42 = {
						CreatedOnToolsVersion = 26.6;
						TestTargetID = 2D745EFB304EFDEA00379C42;
					};
				};
			};
			buildConfigurationList = 2D745EF7304EFDEA00379C42 /* Build configuration list for PBXProject "voice-doodle" */;
			developmentRegion = en;
			hasScannedForEncodings = 0;
			knownRegions = (
				en,
				Base,
			);
			mainGroup = 2D745EF3304EFDEA00379C42;
			minimizedProjectReferenceProxies = 1;
			preferredProjectObjectVersion = 77;
			productRefGroup = 2D745EFD304EFDEA00379C42 /* Products */;
			projectDirPath = "";
			projectRoot = "";
			targets = (
				2D745EFB304EFDEA00379C42 /* voice-doodle */,
				2D745F0A304EFDEB00379C42 /* voice-doodleTests */,
				2D745F14304EFDEB00379C42 /* voice-doodleUITests */,
			);
		};
/* End PBXProject section */

/* Begin PBXResourcesBuildPhase section */
		2D745EFA304EFDEA00379C42 /* Resources */ = {
			isa = PBXResourcesBuildPhase;
			buildActionMask = 2147483647;
			files = (
			);
			runOnlyForDeploymentPostprocessing = 0;
		};
		2D745F09304EFDEB00379C42 /* Resources */ = {
			isa = PBXResourcesBuildPhase;
			buildActionMask = 2147483647;
			files = (
			);
			runOnlyForDeploymentPostprocessing = 0;
		};
		2D745F13304EFDEB00379C42 /* Resources */ = {
			isa = PBXResourcesBuildPhase;
			buildActionMask = 2147483647;
			files = (
			);
			runOnlyForDeploymentPostprocessing = 0;
		};
/* End PBXResourcesBuildPhase section */

/* Begin PBXSourcesBuildPhase section */
		2D745EF8304EFDEA00379C42 /* Sources */ = {
			isa = PBXSourcesBuildPhase;
			buildActionMask = 2147483647;
			files = (
			);
			runOnlyForDeploymentPostprocessing = 0;
		};
		2D745F07304EFDEB00379C42 /* Sources */ = {
			isa = PBXSourcesBuildPhase;
			buildActionMask = 2147483647;
			files = (
			);
			runOnlyForDeploymentPostprocessing = 0;
		};
		2D745F11304EFDEB00379C42 /* Sources */ = {
			isa = PBXSourcesBuildPhase;
			buildActionMask = 2147483647;
			files = (
			);
			runOnlyForDeploymentPostprocessing = 0;
		};
/* End PBXSourcesBuildPhase section */

/* Begin PBXTargetDependency section */
		2D745F0D304EFDEB00379C42 /* PBXTargetDependency */ = {
			isa = PBXTargetDependency;
			target = 2D745EFB304EFDEA00379C42 /* voice-doodle */;
			targetProxy = 2D745F0C304EFDEB00379C42 /* PBXContainerItemProxy */;
		};
		2D745F17304EFDEB00379C42 /* PBXTargetDependency */ = {
			isa = PBXTargetDependency;
			target = 2D745EFB304EFDEA00379C42 /* voice-doodle */;
			targetProxy = 2D745F16304EFDEB00379C42 /* PBXContainerItemProxy */;
		};
/* End PBXTargetDependency section */

/* Begin XCBuildConfiguration section */
		2D745F1D304EFDEB00379C42 /* Debug */ = {
			isa = XCBuildConfiguration;
			buildSettings = {
				ALWAYS_SEARCH_USER_PATHS = NO;
				ASSETCATALOG_COMPILER_GENERATE_SWIFT_ASSET_SYMBOL_EXTENSIONS = YES;
				CLANG_ANALYZER_NONNULL = YES;
				CLANG_ANALYZER_NUMBER_OBJECT_CONVERSION = YES_AGGRESSIVE;
				CLANG_CXX_LANGUAGE_STANDARD = "gnu++20";
				CLANG_ENABLE_MODULES = YES;
				CLANG_ENABLE_OBJC_ARC = YES;
				CLANG_ENABLE_OBJC_WEAK = YES;
				CLANG_WARN_BLOCK_CAPTURE_AUTORELEASING = YES;
				CLANG_WARN_BOOL_CONVERSION = YES;
				CLANG_WARN_COMMA = YES;
				CLANG_WARN_CONSTANT_CONVERSION = YES;
				CLANG_WARN_DEPRECATED_OBJC_IMPLEMENTATIONS = YES;
				CLANG_WARN_DIRECT_OBJC_ISA_USAGE = YES_ERROR;
				CLANG_WARN_DOCUMENTATION_COMMENTS = YES;
				CLANG_WARN_EMPTY_BODY = YES;
				CLANG_WARN_ENUM_CONVERSION = YES;
				CLANG_WARN_INFINITE_RECURSION = YES;
				CLANG_WARN_INT_CONVERSION = YES;
				CLANG_WARN_NON_LITERAL_NULL_CONVERSION = YES;
				CLANG_WARN_OBJC_IMPLICIT_RETAIN_SELF = YES;
				CLANG_WARN_OBJC_LITERAL_CONVERSION = YES;
				CLANG_WARN_OBJC_ROOT_CLASS = YES_ERROR;
				CLANG_WARN_QUOTED_INCLUDE_IN_FRAMEWORK_HEADER = YES;
				CLANG_WARN_RANGE_LOOP_ANALYSIS = YES;
				CLANG_WARN_STRICT_PROTOTYPES = YES;
				CLANG_WARN_SUSPICIOUS_MOVE = YES;
				CLANG_WARN_UNGUARDED_AVAILABILITY = YES_AGGRESSIVE;
				CLANG_WARN_UNREACHABLE_CODE = YES;
				CLANG_WARN__DUPLICATE_METHOD_MATCH = YES;
				COPY_PHASE_STRIP = NO;
				DEBUG_INFORMATION_FORMAT = dwarf;
				DEVELOPMENT_TEAM = HXZ6W9892P;
				ENABLE_STRICT_OBJC_MSGSEND = YES;
				ENABLE_TESTABILITY = YES;
				ENABLE_USER_SCRIPT_SANDBOXING = YES;
				GCC_C_LANGUAGE_STANDARD = gnu17;
				GCC_DYNAMIC_NO_PIC = NO;
				GCC_NO_COMMON_BLOCKS = YES;
				GCC_OPTIMIZATION_LEVEL = 0;
				GCC_PREPROCESSOR_DEFINITIONS = (
					"DEBUG=1",
					"$(inherited)",
				);
				GCC_WARN_64_TO_32_BIT_CONVERSION = YES;
				GCC_WARN_ABOUT_RETURN_TYPE = YES_ERROR;
				GCC_WARN_UNDECLARED_SELECTOR = YES;
				GCC_WARN_UNINITIALIZED_AUTOS = YES_AGGRESSIVE;
				GCC_WARN_UNUSED_FUNCTION = YES;
				GCC_WARN_UNUSED_VARIABLE = YES;
				LOCALIZATION_PREFERS_STRING_CATALOGS = YES;
				MACOSX_DEPLOYMENT_TARGET = 13.0;
				MTL_ENABLE_DEBUG_INFO = INCLUDE_SOURCE;
				MTL_FAST_MATH = YES;
				ONLY_ACTIVE_ARCH = YES;
				SDKROOT = macosx;
				SWIFT_ACTIVE_COMPILATION_CONDITIONS = "DEBUG $(inherited)";
				SWIFT_OPTIMIZATION_LEVEL = "-Onone";
			};
			name = Debug;
		};
		2D745F1E304EFDEB00379C42 /* Release */ = {
			isa = XCBuildConfiguration;
			buildSettings = {
				ALWAYS_SEARCH_USER_PATHS = NO;
				ASSETCATALOG_COMPILER_GENERATE_SWIFT_ASSET_SYMBOL_EXTENSIONS = YES;
				CLANG_ANALYZER_NONNULL = YES;
				CLANG_ANALYZER_NUMBER_OBJECT_CONVERSION = YES_AGGRESSIVE;
				CLANG_CXX_LANGUAGE_STANDARD = "gnu++20";
				CLANG_ENABLE_MODULES = YES;
				CLANG_ENABLE_OBJC_ARC = YES;
				CLANG_ENABLE_OBJC_WEAK = YES;
				CLANG_WARN_BLOCK_CAPTURE_AUTORELEASING = YES;
				CLANG_WARN_BOOL_CONVERSION = YES;
				CLANG_WARN_COMMA = YES;
				CLANG_WARN_CONSTANT_CONVERSION = YES;
				CLANG_WARN_DEPRECATED_OBJC_IMPLEMENTATIONS = YES;
				CLANG_WARN_DIRECT_OBJC_ISA_USAGE = YES_ERROR;
				CLANG_WARN_DOCUMENTATION_COMMENTS = YES;
				CLANG_WARN_EMPTY_BODY = YES;
				CLANG_WARN_ENUM_CONVERSION = YES;
				CLANG_WARN_INFINITE_RECURSION = YES;
				CLANG_WARN_INT_CONVERSION = YES;
				CLANG_WARN_NON_LITERAL_NULL_CONVERSION = YES;
				CLANG_WARN_OBJC_IMPLICIT_RETAIN_SELF = YES;
				CLANG_WARN_OBJC_LITERAL_CONVERSION = YES;
				CLANG_WARN_OBJC_ROOT_CLASS = YES_ERROR;
				CLANG_WARN_QUOTED_INCLUDE_IN_FRAMEWORK_HEADER = YES;
				CLANG_WARN_RANGE_LOOP_ANALYSIS = YES;
				CLANG_WARN_STRICT_PROTOTYPES = YES;
				CLANG_WARN_SUSPICIOUS_MOVE = YES;
				CLANG_WARN_UNGUARDED_AVAILABILITY = YES_AGGRESSIVE;
				CLANG_WARN_UNREACHABLE_CODE = YES;
				CLANG_WARN__DUPLICATE_METHOD_MATCH = YES;
				COPY_PHASE_STRIP = NO;
				DEBUG_INFORMATION_FORMAT = "dwarf-with-dsym";
				DEVELOPMENT_TEAM = HXZ6W9892P;
				ENABLE_NS_ASSERTIONS = NO;
				ENABLE_STRICT_OBJC_MSGSEND = YES;
				ENABLE_USER_SCRIPT_SANDBOXING = YES;
				GCC_C_LANGUAGE_STANDARD = gnu17;
				GCC_NO_COMMON_BLOCKS = YES;
				GCC_WARN_64_TO_32_BIT_CONVERSION = YES;
				GCC_WARN_ABOUT_RETURN_TYPE = YES_ERROR;
				GCC_WARN_UNDECLARED_SELECTOR = YES;
				GCC_WARN_UNINITIALIZED_AUTOS = YES_AGGRESSIVE;
				GCC_WARN_UNUSED_FUNCTION = YES;
				GCC_WARN_UNUSED_VARIABLE = YES;
				LOCALIZATION_PREFERS_STRING_CATALOGS = YES;
				MACOSX_DEPLOYMENT_TARGET = 13.0;
				MTL_ENABLE_DEBUG_INFO = NO;
				MTL_FAST_MATH = YES;
				SDKROOT = macosx;
				SWIFT_COMPILATION_MODE = wholemodule;
			};
			name = Release;
		};
		2D745F20304EFDEB00379C42 /* Debug */ = {
			isa = XCBuildConfiguration;
			buildSettings = {
				ASSETCATALOG_COMPILER_APPICON_NAME = AppIcon;
				ASSETCATALOG_COMPILER_GLOBAL_ACCENT_COLOR_NAME = AccentColor;
				CODE_SIGN_ENTITLEMENTS = "voice-doodle/voice-doodle.entitlements";
				CODE_SIGN_STYLE = Automatic;
				COMBINE_HIDPI_IMAGES = YES;
				CURRENT_PROJECT_VERSION = 1;
				DEVELOPMENT_TEAM = HXZ6W9892P;
				ENABLE_APP_SANDBOX = NO;
				ENABLE_HARDENED_RUNTIME = YES;
				ENABLE_PREVIEWS = YES;
				GENERATE_INFOPLIST_FILE = YES;
				INFOPLIST_KEY_CFBundleDisplayName = "Voice Doodle";
				INFOPLIST_KEY_CFBundleName = "Voice Doodle";
				INFOPLIST_KEY_LSUIElement = YES;
				INFOPLIST_KEY_NSMicrophoneUsageDescription = "按住触发键说话时需要使用麦克风录制你的语音，音频仅发送到你自己配置的转录服务，不会上传到开发者服务器。";
				LD_RUNPATH_SEARCH_PATHS = (
					"$(inherited)",
					"@executable_path/../Frameworks",
				);
				LIBRARY_SEARCH_PATHS = (
					"$(inherited)",
					"$(PROJECT_DIR)/voice-doodle/Vendor",
				);
				MARKETING_VERSION = 0.0.4;
				PRODUCT_BUNDLE_IDENTIFIER = com.xiabingquan.voice-doodle;
				PRODUCT_MODULE_NAME = voice_doodle;
				PRODUCT_NAME = "Voice Doodle";
				REGISTER_APP_GROUPS = YES;
				STRING_CATALOG_GENERATE_SYMBOLS = YES;
				SWIFT_APPROACHABLE_CONCURRENCY = YES;
				SWIFT_DEFAULT_ACTOR_ISOLATION = MainActor;
				SWIFT_EMIT_LOC_STRINGS = YES;
				SWIFT_UPCOMING_FEATURE_MEMBER_IMPORT_VISIBILITY = YES;
				SWIFT_VERSION = 5.0;
			};
			name = Debug;
		};
		2D745F21304EFDEB00379C42 /* Release */ = {
			isa = XCBuildConfiguration;
			buildSettings = {
				ASSETCATALOG_COMPILER_APPICON_NAME = AppIcon;
				ASSETCATALOG_COMPILER_GLOBAL_ACCENT_COLOR_NAME = AccentColor;
				CODE_SIGN_ENTITLEMENTS = "voice-doodle/voice-doodle.entitlements";
				CODE_SIGN_INJECT_BASE_ENTITLEMENTS = NO;
				CODE_SIGN_STYLE = Automatic;
				COMBINE_HIDPI_IMAGES = YES;
				CURRENT_PROJECT_VERSION = 1;
				DEVELOPMENT_TEAM = HXZ6W9892P;
				ENABLE_APP_SANDBOX = NO;
				ENABLE_HARDENED_RUNTIME = YES;
				ENABLE_PREVIEWS = YES;
				GENERATE_INFOPLIST_FILE = YES;
				INFOPLIST_KEY_CFBundleDisplayName = "Voice Doodle";
				INFOPLIST_KEY_CFBundleName = "Voice Doodle";
				INFOPLIST_KEY_LSUIElement = YES;
				INFOPLIST_KEY_NSMicrophoneUsageDescription = "按住触发键说话时需要使用麦克风录制你的语音，音频仅发送到你自己配置的转录服务，不会上传到开发者服务器。";
				LD_RUNPATH_SEARCH_PATHS = (
					"$(inherited)",
					"@executable_path/../Frameworks",
				);
				LIBRARY_SEARCH_PATHS = (
					"$(inherited)",
					"$(PROJECT_DIR)/voice-doodle/Vendor",
				);
				MARKETING_VERSION = 0.0.4;
				PRODUCT_BUNDLE_IDENTIFIER = com.xiabingquan.voice-doodle;
				PRODUCT_MODULE_NAME = voice_doodle;
				PRODUCT_NAME = "Voice Doodle";
				REGISTER_APP_GROUPS = YES;
				STRING_CATALOG_GENERATE_SYMBOLS = YES;
				SWIFT_APPROACHABLE_CONCURRENCY = YES;
				SWIFT_DEFAULT_ACTOR_ISOLATION = MainActor;
				SWIFT_EMIT_LOC_STRINGS = YES;
				SWIFT_UPCOMING_FEATURE_MEMBER_IMPORT_VISIBILITY = YES;
				SWIFT_VERSION = 5.0;
			};
			name = Release;
		};
		2D745F23304EFDEB00379C42 /* Debug */ = {
			isa = XCBuildConfiguration;
			buildSettings = {
				BUNDLE_LOADER = "$(TEST_HOST)";
				CODE_SIGN_STYLE = Automatic;
				CURRENT_PROJECT_VERSION = 1;
				DEVELOPMENT_TEAM = HXZ6W9892P;
				GENERATE_INFOPLIST_FILE = YES;
				MACOSX_DEPLOYMENT_TARGET = 13.0;
				MARKETING_VERSION = 1.0;
				PRODUCT_BUNDLE_IDENTIFIER = com.xiabingquan.voice-doodleTests;
				PRODUCT_NAME = "$(TARGET_NAME)";
				STRING_CATALOG_GENERATE_SYMBOLS = NO;
				SWIFT_APPROACHABLE_CONCURRENCY = YES;
				SWIFT_EMIT_LOC_STRINGS = NO;
				SWIFT_UPCOMING_FEATURE_MEMBER_IMPORT_VISIBILITY = YES;
				SWIFT_VERSION = 5.0;
				TEST_HOST = "$(BUILT_PRODUCTS_DIR)/Voice Doodle.app/$(BUNDLE_EXECUTABLE_FOLDER_PATH)/Voice Doodle";
			};
			name = Debug;
		};
		2D745F24304EFDEB00379C42 /* Release */ = {
			isa = XCBuildConfiguration;
			buildSettings = {
				BUNDLE_LOADER = "$(TEST_HOST)";
				CODE_SIGN_STYLE = Automatic;
				CURRENT_PROJECT_VERSION = 1;
				DEVELOPMENT_TEAM = HXZ6W9892P;
				GENERATE_INFOPLIST_FILE = YES;
				MACOSX_DEPLOYMENT_TARGET = 13.0;
				MARKETING_VERSION = 1.0;
				PRODUCT_BUNDLE_IDENTIFIER = com.xiabingquan.voice-doodleTests;
				PRODUCT_NAME = "$(TARGET_NAME)";
				STRING_CATALOG_GENERATE_SYMBOLS = NO;
				SWIFT_APPROACHABLE_CONCURRENCY = YES;
				SWIFT_EMIT_LOC_STRINGS = NO;
				SWIFT_UPCOMING_FEATURE_MEMBER_IMPORT_VISIBILITY = YES;
				SWIFT_VERSION = 5.0;
				TEST_HOST = "$(BUILT_PRODUCTS_DIR)/Voice Doodle.app/$(BUNDLE_EXECUTABLE_FOLDER_PATH)/Voice Doodle";
			};
			name = Release;
		};
		2D745F26304EFDEB00379C42 /* Debug */ = {
			isa = XCBuildConfiguration;
			buildSettings = {
				CODE_SIGN_STYLE = Automatic;
				CURRENT_PROJECT_VERSION = 1;
				DEVELOPMENT_TEAM = HXZ6W9892P;
				GENERATE_INFOPLIST_FILE = YES;
				MARKETING_VERSION = 1.0;
				PRODUCT_BUNDLE_IDENTIFIER = com.xiabingquan.voice-doodleUITests;
				PRODUCT_NAME = "$(TARGET_NAME)";
				STRING_CATALOG_GENERATE_SYMBOLS = NO;
				SWIFT_APPROACHABLE_CONCURRENCY = YES;
				SWIFT_EMIT_LOC_STRINGS = NO;
				SWIFT_UPCOMING_FEATURE_MEMBER_IMPORT_VISIBILITY = YES;
				SWIFT_VERSION = 5.0;
				TEST_TARGET_NAME = "voice-doodle";
			};
			name = Debug;
		};
		2D745F27304EFDEB00379C42 /* Release */ = {
			isa = XCBuildConfiguration;
			buildSettings = {
				CODE_SIGN_STYLE = Automatic;
				CURRENT_PROJECT_VERSION = 1;
				DEVELOPMENT_TEAM = HXZ6W9892P;
				GENERATE_INFOPLIST_FILE = YES;
				MARKETING_VERSION = 1.0;
				PRODUCT_BUNDLE_IDENTIFIER = com.xiabingquan.voice-doodleUITests;
				PRODUCT_NAME = "$(TARGET_NAME)";
				STRING_CATALOG_GENERATE_SYMBOLS = NO;
				SWIFT_APPROACHABLE_CONCURRENCY = YES;
				SWIFT_EMIT_LOC_STRINGS = NO;
				SWIFT_UPCOMING_FEATURE_MEMBER_IMPORT_VISIBILITY = YES;
				SWIFT_VERSION = 5.0;
				TEST_TARGET_NAME = "voice-doodle";
			};
			name = Release;
		};
/* End XCBuildConfiguration section */

/* Begin XCConfigurationList section */
		2D745EF7304EFDEA00379C42 /* Build configuration list for PBXProject "voice-doodle" */ = {
			isa = XCConfigurationList;
			buildConfigurations = (
				2D745F1D304EFDEB00379C42 /* Debug */,
				2D745F1E304EFDEB00379C42 /* Release */,
			);
			defaultConfigurationIsVisible = 0;
			defaultConfigurationName = Release;
		};
		2D745F1F304EFDEB00379C42 /* Build configuration list for PBXNativeTarget "voice-doodle" */ = {
			isa = XCConfigurationList;
			buildConfigurations = (
				2D745F20304EFDEB00379C42 /* Debug */,
				2D745F21304EFDEB00379C42 /* Release */,
			);
			defaultConfigurationIsVisible = 0;
			defaultConfigurationName = Release;
		};
		2D745F22304EFDEB00379C42 /* Build configuration list for PBXNativeTarget "voice-doodleTests" */ = {
			isa = XCConfigurationList;
			buildConfigurations = (
				2D745F23304EFDEB00379C42 /* Debug */,
				2D745F24304EFDEB00379C42 /* Release */,
			);
			defaultConfigurationIsVisible = 0;
			defaultConfigurationName = Release;
		};
		2D745F25304EFDEB00379C42 /* Build configuration list for PBXNativeTarget "voice-doodleUITests" */ = {
			isa = XCConfigurationList;
			buildConfigurations = (
				2D745F26304EFDEB00379C42 /* Debug */,
				2D745F27304EFDEB00379C42 /* Release */,
			);
			defaultConfigurationIsVisible = 0;
			defaultConfigurationName = Release;
		};
/* End XCConfigurationList section */
	};
	rootObject = 2D745EF4304EFDEA00379C42 /* Project object */;
}
